
Microsoft Visual Studio Solution File, Format Version 12.00
# Visual Studio 14
VisualStudioVersion = 14.0.24720.0
MinimumVisualStudioVersion = 10.0.40219.1
Project("{FAE04EC0-301F-11D3-BF4B-00C04F79EFBC}") = "ArucoSharp.App", "ArucoSharp.App\ArucoSharp.App.csproj", "{DCC3D8AA-7F20-44B0-BF4C-58C086747B57}"
EndProject
Project("{FAE04EC0-301F-11D3-BF4B-00C04F79EFBC}") = "VideoEffectLibrary", "VideoEffectLibrary\VideoEffectLibrary.csproj", "{FF30C60A-570A-491A-A600-B8103579F286}"
EndProject
Project("{FAE04EC0-301F-11D3-BF4B-00C04F79EFBC}") = "VideoEffectComponent", "VideoEffectComponent\VideoEffectComponent.csproj", "{4CA1006E-F68D-4DC0-92C6-1C8E4D5D714D}"
EndProject
Project("{FAE04EC0-301F-11D3-BF4B-00C04F79EFBC}") = "CrosswordSolver", "CrosswordSolver\CrosswordSolver.csproj", "{C4CA1C58-A7A9-4A17-98D8-E29469788099}"
EndProject
Global
	GlobalSection(SolutionConfigurationPlatforms) = preSolution
		Debug|Any CPU = Debug|Any CPU
		Debug|ARM = Debug|ARM
		Debug|x64 = Debug|x64
		Debug|x86 = Debug|x86
		Release|Any CPU = Release|Any CPU
		Release|ARM = Release|ARM
		Release|x64 = Release|x64
		Release|x86 = Release|x86
	EndGlobalSection
	GlobalSection(ProjectConfigurationPlatforms) = postSolution
		{DCC3D8AA-7F20-44B0-BF4C-58C086747B57}.Debug|Any CPU.ActiveCfg = Debug|x86
		{DCC3D8AA-7F20-44B0-BF4C-58C086747B57}.Debug|Any CPU.Build.0 = Debug|x86
		{DCC3D8AA-7F20-44B0-BF4C-58C086747B57}.Debug|Any CPU.Deploy.0 = Debug|x86
		{DCC3D8AA-7F20-44B0-BF4C-58C086747B57}.Debug|ARM.ActiveCfg = Debug|ARM
		{DCC3D8AA-7F20-44B0-BF4C-58C086747B57}.Debug|ARM.Build.0 = Debug|ARM
		{DCC3D8AA-7F20-44B0-BF4C-58C086747B57}.Debug|ARM.Deploy.0 = Debug|ARM
		{DCC3D8AA-7F20-44B0-BF4C-58C086747B57}.Debug|x64.ActiveCfg = Debug|x64
		{DCC3D8AA-7F20-44B0-BF4C-58C086747B57}.Debug|x64.Build.0 = Debug|x64
		{DCC3D8AA-7F20-44B0-BF4C-58C086747B57}.Debug|x64.Deploy.0 = Debug|x64
		{DCC3D8AA-7F20-44B0-BF4C-58C086747B57}.Debug|x86.ActiveCfg = Debug|x86
		{DCC3D8AA-7F20-44B0-BF4C-58C086747B57}.Debug|x86.Build.0 = Debug|x86
		{DCC3D8AA-7F20-44B0-BF4C-58C086747B57}.Debug|x86.Deploy.0 = Debug|x86
		{DCC3D8AA-7F20-44B0-BF4C-58C086747B57}.Release|Any CPU.ActiveCfg = Release|x86
		{DCC3D8AA-7F20-44B0-BF4C-58C086747B57}.Release|ARM.ActiveCfg = Release|ARM
		{DCC3D8AA-7F20-44B0-BF4C-58C086747B57}.Release|ARM.Build.0 = Release|ARM
		{DCC3D8AA-7F20-44B0-BF4C-58C086747B57}.Release|ARM.Deploy.0 = Release|ARM
		{DCC3D8AA-7F20-44B0-BF4C-58C086747B57}.Release|x64.ActiveCfg = Release|x64
		{DCC3D8AA-7F20-44B0-BF4C-58C086747B57}.Release|x64.Build.0 = Release|x64
		{DCC3D8AA-7F20-44B0-BF4C-58C086747B57}.Release|x64.Deploy.0 = Release|x64
		{DCC3D8AA-7F20-44B0-BF4C-58C086747B57}.Release|x86.ActiveCfg = Release|x86
		{DCC3D8AA-7F20-44B0-BF4C-58C086747B57}.Release|x86.Build.0 = Release|x86
		{DCC3D8AA-7F20-44B0-BF4C-58C086747B57}.Release|x86.Deploy.0 = Release|x86
		{FF30C60A-570A-491A-A600-B8103579F286}.Debug|Any CPU.ActiveCfg = Debug|Any CPU
		{FF30C60A-570A-491A-A600-B8103579F286}.Debug|Any CPU.Build.0 = Debug|Any CPU
		{FF30C60A-570A-491A-A600-B8103579F286}.Debug|ARM.ActiveCfg = Debug|ARM
		{FF30C60A-570A-491A-A600-B8103579F286}.Debug|ARM.Build.0 = Debug|ARM
		{FF30C60A-570A-491A-A600-B8103579F286}.Debug|x64.ActiveCfg = Debug|x64
		{FF30C60A-570A-491A-A600-B8103579F286}.Debug|x64.Build.0 = Debug|x64
		{FF30C60A-570A-491A-A600-B8103579F286}.Debug|x86.ActiveCfg = Debug|x86
		{FF30C60A-570A-491A-A600-B8103579F286}.Debug|x86.Build.0 = Debug|x86
		{FF30C60A-570A-491A-A600-B8103579F286}.Release|Any CPU.ActiveCfg = Release|Any CPU
		{FF30C60A-570A-491A-A600-B8103579F286}.Release|Any CPU.Build.0 = Release|Any CPU
		{FF30C60A-570A-491A-A600-B8103579F286}.Release|ARM.ActiveCfg = Release|ARM
		{FF30C60A-570A-491A-A600-B8103579F286}.Release|ARM.Build.0 = Release|ARM
		{FF30C60A-570A-491A-A600-B8103579F286}.Release|x64.ActiveCfg = Release|x64
		{FF30C60A-570A-491A-A600-B8103579F286}.Release|x64.Build.0 = Release|x64
		{FF30C60A-570A-491A-A600-B8103579F286}.Release|x86.ActiveCfg = Release|x86
		{FF30C60A-570A-491A-A600-B8103579F286}.Release|x86.Build.0 = Release|x86
		{4CA1006E-F68D-4DC0-92C6-1C8E4D5D714D}.Debug|Any CPU.ActiveCfg = Debug|Any CPU
		{4CA1006E-F68D-4DC0-92C6-1C8E4D5D714D}.Debug|Any CPU.Build.0 = Debug|Any CPU
		{4CA1006E-F68D-4DC0-92C6-1C8E4D5D714D}.Debug|ARM.ActiveCfg = Debug|ARM
		{4CA1006E-F68D-4DC0-92C6-1C8E4D5D714D}.Debug|ARM.Build.0 = Debug|ARM
		{4CA1006E-F68D-4DC0-92C6-1C8E4D5D714D}.Debug|x64.ActiveCfg = Debug|x64
		{4CA1006E-F68D-4DC0-92C6-1C8E4D5D714D}.Debug|x64.Build.0 = Debug|x64
		{4CA1006E-F68D-4DC0-92C6-1C8E4D5D714D}.Debug|x86.ActiveCfg = Debug|x86
		{4CA1006E-F68D-4DC0-92C6-1C8E4D5D714D}.Debug|x86.Build.0 = Debug|x86
		{4CA1006E-F68D-4DC0-92C6-1C8E4D5D714D}.Release|Any CPU.ActiveCfg = Release|Any CPU
		{4CA1006E-F68D-4DC0-92C6-1C8E4D5D714D}.Release|Any CPU.Build.0 = Release|Any CPU
		{4CA1006E-F68D-4DC0-92C6-1C8E4D5D714D}.Release|ARM.ActiveCfg = Release|ARM
		{4CA1006E-F68D-4DC0-92C6-1C8E4D5D714D}.Release|ARM.Build.0 = Release|ARM
		{4CA1006E-F68D-4DC0-92C6-1C8E4D5D714D}.Release|x64.ActiveCfg = Release|x64
		{4CA1006E-F68D-4DC0-92C6-1C8E4D5D714D}.Release|x64.Build.0 = Release|x64
		{4CA1006E-F68D-4DC0-92C6-1C8E4D5D714D}.Release|x86.ActiveCfg = Release|x86
		{4CA1006E-F68D-4DC0-92C6-1C8E4D5D714D}.Release|x86.Build.0 = Release|x86
		{C4CA1C58-A7A9-4A17-98D8-E29469788099}.Debug|Any CPU.ActiveCfg = Debug|Any CPU
		{C4CA1C58-A7A9-4A17-98D8-E29469788099}.Debug|Any CPU.Build.0 = Debug|Any CPU
		{C4CA1C58-A7A9-4A17-98D8-E29469788099}.Debug|ARM.ActiveCfg = Debug|ARM
		{C4CA1C58-A7A9-4A17-98D8-E29469788099}.Debug|ARM.Build.0 = Debug|ARM
		{C4CA1C58-A7A9-4A17-98D8-E29469788099}.Debug|x64.ActiveCfg = Debug|x64
		{C4CA1C58-A7A9-4A17-98D8-E29469788099}.Debug|x64.Build.0 = Debug|x64
		{C4CA1C58-A7A9-4A17-98D8-E29469788099}.Debug|x86.ActiveCfg = Debug|x86
		{C4CA1C58-A7A9-4A17-98D8-E29469788099}.Debug|x86.Build.0 = Debug|x86
		{C4CA1C58-A7A9-4A17-98D8-E29469788099}.Release|Any CPU.ActiveCfg = Release|Any CPU
		{C4CA1C58-A7A9-4A17-98D8-E29469788099}.Release|Any CPU.Build.0 = Release|Any CPU
		{C4CA1C58-A7A9-4A17-98D8-E29469788099}.Release|ARM.ActiveCfg = Release|ARM
		{C4CA1C58-A7A9-4A17-98D8-E29469788099}.Release|ARM.Build.0 = Release|ARM
		{C4CA1C58-A7A9-4A17-98D8-E29469788099}.Release|x64.ActiveCfg = Release|x64
		{C4CA1C58-A7A9-4A17-98D8-E29469788099}.Release|x64.Build.0 = Release|x64
		{C4CA1C58-A7A9-4A17-98D8-E29469788099}.Release|x86.ActiveCfg = Release|x86
		{C4CA1C58-A7A9-4A17-98D8-E29469788099}.Release|x86.Build.0 = Release|x86
	EndGlobalSection
	GlobalSection(SolutionProperties) = preSolution
		HideSolutionNode = FALSE
	EndGlobalSection
EndGlobal
